
Microsoft Visual Studio Solution File, Format Version 12.00
# Visual Studio Version 16
VisualStudioVersion = 16.0.30523.141
MinimumVisualStudioVersion = 10.0.40219.1
Project("{FAE04EC0-301F-11D3-BF4B-00C04F79EFBC}") = "MobileInventorySystem", "MobileInventorySystem\MobileInventorySystem.csproj", "{54B35779-9D98-4B0E-A22D-E872054FABD4}"
EndProject
Global
	GlobalSection(SolutionConfigurationPlatforms) = preSolution
		Debug|Any CPU = Debug|Any CPU
		Release|Any CPU = Release|Any CPU
	EndGlobalSection
	GlobalSection(ProjectConfigurationPlatforms) = postSolution
		{54B35779-9D98-4B0E-A22D-E872054FABD4}.Debug|Any CPU.ActiveCfg = Debug|Any CPU
		{54B35779-9D98-4B0E-A22D-E872054FABD4}.Debug|Any CPU.Build.0 = Debug|Any CPU
		{54B35779-9D98-4B0E-A22D-E872054FABD4}.Release|Any CPU.ActiveCfg = Release|Any CPU
		{54B35779-9D98-4B0E-A22D-E872054FABD4}.Release|Any CPU.Build.0 = Release|Any CPU
	EndGlobalSection
	GlobalSection(SolutionProperties) = preSolution
		HideSolutionNode = FALSE
	EndGlobalSection
	GlobalSection(ExtensibilityGlobals) = postSolution
		SolutionGuid = {C1078F93-00AD-4F6D-B198-7ACBD285CA19}
	EndGlobalSection
EndGlobal
